
Microsoft Visual Studio Solution File, Format Version 12.00
# Visual Studio 2013
VisualStudioVersion = 12.0.31101.0
MinimumVisualStudioVersion = 10.0.40219.1
Project("{2150E333-8FDC-42A3-9474-1A3956D46DE8}") = ".nuget", ".nuget", "{21186F9D-E5DD-45B7-8948-1D7BEE1DD8CD}"
	ProjectSection(SolutionItems) = preProject
		.nuget\NuGet.Config = .nuget\NuGet.Config
		.nuget\NuGet.exe = .nuget\NuGet.exe
	EndProjectSection
EndProject
Project("{FAE04EC0-301F-11D3-BF4B-00C04F79EFBC}") = "Chameleon.UpdateWallpaper.ServiceHost", "Chameleon.UpdateWallpaper.WinformServiceHost\Chameleon.UpdateWallpaper.ServiceHost.csproj", "{EAF65EFC-1FE3-44B3-80E3-AFAE27C35530}"
EndProject
Project("{FAE04EC0-301F-11D3-BF4B-00C04F79EFBC}") = "Chameleon.UpdateWallpaper.Service", "Chameleon.UpdateWallpaper.Service\Chameleon.UpdateWallpaper.Service.csproj", "{EB4D1A2E-8B49-4882-9A91-F913D2D0225B}"
EndProject
Project("{2150E333-8FDC-42A3-9474-1A3956D46DE8}") = "Solution Items", "Solution Items", "{CBDA8F71-F078-4473-B7FD-77ED35B086B3}"
	ProjectSection(SolutionItems) = preProject
		Chameleon.UpdateWallpaper.WinformServiceHost\license.rtf = Chameleon.UpdateWallpaper.WinformServiceHost\license.rtf
	EndProjectSection
EndProject
Global
	GlobalSection(TeamFoundationVersionControl) = preSolution
		SccNumberOfProjects = 2
		SccEnterpriseProvider = {4CA58AB2-18FA-4F8D-95D4-32DDF27D184C}
		SccTeamFoundationServer = https://jarrey.visualstudio.com/defaultcollection
		SccProjectUniqueName0 = Chameleon.UpdateWallpaper.Service\\Chameleon.UpdateWallpaper.Service.csproj
		SccProjectName0 = Chameleon.UpdateWallpager.Service
		SccAuxPath0 = https://jarrey.visualstudio.com/defaultcollection
		SccLocalPath0 = Chameleon.UpdateWallpager.Service
		SccProvider0 = {4CA58AB2-18FA-4F8D-95D4-32DDF27D184C}
		SccProjectFilePathRelativizedFromConnection0 = ..\\Chameleon.UpdateWallpaper.Service\\
		SccProjectUniqueName1 = Chameleon.UpdateWallpaper.WinformServiceHost\\Chameleon.UpdateWallpaper.ServiceHost.csproj
		SccProjectName1 = Chameleon.UpdateWallpaper.WinformServiceHost
		SccAuxPath1 = https://jarrey.visualstudio.com/defaultcollection
		SccLocalPath1 = Chameleon.UpdateWallpaper.WinformServiceHost
		SccProvider1 = {4CA58AB2-18FA-4F8D-95D4-32DDF27D184C}
	EndGlobalSection
	GlobalSection(SolutionConfigurationPlatforms) = preSolution
		Debug|Any CPU = Debug|Any CPU
		Release|Any CPU = Release|Any CPU
	EndGlobalSection
	GlobalSection(ProjectConfigurationPlatforms) = postSolution
		{EAF65EFC-1FE3-44B3-80E3-AFAE27C35530}.Debug|Any CPU.ActiveCfg = Debug|Any CPU
		{EAF65EFC-1FE3-44B3-80E3-AFAE27C35530}.Debug|Any CPU.Build.0 = Debug|Any CPU
		{EAF65EFC-1FE3-44B3-80E3-AFAE27C35530}.Release|Any CPU.ActiveCfg = Release|Any CPU
		{EAF65EFC-1FE3-44B3-80E3-AFAE27C35530}.Release|Any CPU.Build.0 = Release|Any CPU
		{EB4D1A2E-8B49-4882-9A91-F913D2D0225B}.Debug|Any CPU.ActiveCfg = Debug|Any CPU
		{EB4D1A2E-8B49-4882-9A91-F913D2D0225B}.Debug|Any CPU.Build.0 = Debug|Any CPU
		{EB4D1A2E-8B49-4882-9A91-F913D2D0225B}.Release|Any CPU.ActiveCfg = Release|Any CPU
		{EB4D1A2E-8B49-4882-9A91-F913D2D0225B}.Release|Any CPU.Build.0 = Release|Any CPU
	EndGlobalSection
	GlobalSection(SolutionProperties) = preSolution
		HideSolutionNode = FALSE
	EndGlobalSection
EndGlobal
